
Microsoft Visual Studio Solution File, Format Version 12.00
# Visual Studio Version 17
VisualStudioVersion = 17.9.34607.119
MinimumVisualStudioVersion = 10.0.40219.1
Project("{9A19103F-16F7-4668-BE54-9A1E7A4F7556}") = "InternJohan.Dev.Infrastructure", "InternJohan.Dev.Infrastructure\InternJohan.Dev.Infrastructure.csproj", "{C961B8D6-CCED-4587-B5ED-E377FD6169D8}"
EndProject
Project("{9A19103F-16F7-4668-BE54-9A1E7A4F7556}") = "InternJohan.Dev.App", "InternJohan.Dev.App\InternJohan.Dev.App.csproj", "{A751BCE2-695D-44B4-957A-D5CC617E1B6E}"
EndProject
Global
	GlobalSection(SolutionConfigurationPlatforms) = preSolution
		Debug|Any CPU = Debug|Any CPU
		Release|Any CPU = Release|Any CPU
	EndGlobalSection
	GlobalSection(ProjectConfigurationPlatforms) = postSolution
		{C961B8D6-CCED-4587-B5ED-E377FD6169D8}.Debug|Any CPU.ActiveCfg = Debug|Any CPU
		{C961B8D6-CCED-4587-B5ED-E377FD6169D8}.Debug|Any CPU.Build.0 = Debug|Any CPU
		{C961B8D6-CCED-4587-B5ED-E377FD6169D8}.Release|Any CPU.ActiveCfg = Release|Any CPU
		{C961B8D6-CCED-4587-B5ED-E377FD6169D8}.Release|Any CPU.Build.0 = Release|Any CPU
		{A751BCE2-695D-44B4-957A-D5CC617E1B6E}.Debug|Any CPU.ActiveCfg = Debug|Any CPU
		{A751BCE2-695D-44B4-957A-D5CC617E1B6E}.Debug|Any CPU.Build.0 = Debug|Any CPU
		{A751BCE2-695D-44B4-957A-D5CC617E1B6E}.Release|Any CPU.ActiveCfg = Release|Any CPU
		{A751BCE2-695D-44B4-957A-D5CC617E1B6E}.Release|Any CPU.Build.0 = Release|Any CPU
	EndGlobalSection
	GlobalSection(SolutionProperties) = preSolution
		HideSolutionNode = FALSE
	EndGlobalSection
	GlobalSection(ExtensibilityGlobals) = postSolution
		SolutionGuid = {4065FC6D-08B2-4523-87CD-C4116FBA7564}
	EndGlobalSection
EndGlobal
